Microsoft Visual Studio Solution File, Format Version 11.00
# Visual Studio 2008

Project("{57A14E89-28CB-8007-F3BE-26A4C882E0BC}") = "FirstActual2dTest", "Assembly-CSharp-firstpass.csproj", "{AE6AFADE-9915-822E-CBDD-D302DB0B72F5}"
EndProject
Project("{57A14E89-28CB-8007-F3BE-26A4C882E0BC}") = "FirstActual2dTest", "Assembly-CSharp.csproj", "{F7098135-25D8-E0DA-DBA5-F82264EAE399}"
EndProject
Global
	GlobalSection(SolutionConfigurationPlatforms) = preSolution
		Debug|Any CPU = Debug|Any CPU
		Release|Any CPU = Release|Any CPU
	EndGlobalSection
	GlobalSection(ProjectConfigurationPlatforms) = postSolution
		{AE6AFADE-9915-822E-CBDD-D302DB0B72F5}.Debug|Any CPU.ActiveCfg = Debug|Any CPU
		{AE6AFADE-9915-822E-CBDD-D302DB0B72F5}.Debug|Any CPU.Build.0 = Debug|Any CPU
		{AE6AFADE-9915-822E-CBDD-D302DB0B72F5}.Release|Any CPU.ActiveCfg = Release|Any CPU
		{AE6AFADE-9915-822E-CBDD-D302DB0B72F5}.Release|Any CPU.Build.0 = Release|Any CPU
		{F7098135-25D8-E0DA-DBA5-F82264EAE399}.Debug|Any CPU.ActiveCfg = Debug|Any CPU
		{F7098135-25D8-E0DA-DBA5-F82264EAE399}.Debug|Any CPU.Build.0 = Debug|Any CPU
		{F7098135-25D8-E0DA-DBA5-F82264EAE399}.Release|Any CPU.ActiveCfg = Release|Any CPU
		{F7098135-25D8-E0DA-DBA5-F82264EAE399}.Release|Any CPU.Build.0 = Release|Any CPU
	EndGlobalSection
	GlobalSection(SolutionProperties) = preSolution
		HideSolutionNode = FALSE
	EndGlobalSection
																	GlobalSection(MonoDevelopProperties) = preSolution
		StartupItem = Assembly-CSharp.csproj
		Policies = $0
		$0.TextStylePolicy = $1
		$1.inheritsSet = null
		$1.scope = text/x-csharp
		$0.CSharpFormattingPolicy = $2
		$2.inheritsSet = Mono
		$2.inheritsScope = text/x-csharp
		$2.scope = text/x-csharp
		$0.TextStylePolicy = $3
		$3.FileWidth = 120
		$3.TabWidth = 4
		$3.EolMarker = Unix
		$3.inheritsSet = Mono
		$3.inheritsScope = text/plain
		$3.scope = text/plain
	EndGlobalSection

EndGlobal
